{
  "name": "superbeam",
  "version": "1.0.7",
  "lockfileVersion": 3,
  "requires": true,
  "packages": {
    "": {
      "name": "superbeam",
      "version": "1.0.7",
      "license": "ISC",
      "dependencies": {
        "@eth-optimism/viem": "^0.4.8",
        "@zerodev/multi-chain-ecdsa-validator": "^5.4.5",
        "@zerodev/sdk": "^5.4.35",
        "dotenv": "^16.5.0",
        "ethers": "^6.13.7"
      },
      "devDependencies": {
        "@types/node": "^22.15.12",
        "tsx": "^4.19.4",
        "typescript": "^5.8.3",
        "viem": "^2.29.0"
      }
    },
    "node_modules/@adraffy/ens-normalize": {
      "version": "1.10.1",
      "resolved": "https://registry.npmjs.org/@adraffy/ens-normalize/-/ens-normalize-1.10.1.tgz",
      "integrity": "sha512-96Z2IP3mYmF1Xg2cDm8f1gWGf/HUVedQ3FMifV4kG/PQ4yEP51xDtRAEfhVNt5f/uzpNkZHwWQuUcu6D6K+Ekw==",
      "license": "MIT"
    },
    "node_modules/@esbuild/aix-ppc64": {
      "version": "0.25.4",
      "resolved": "https://registry.npmjs.org/@esbuild/aix-ppc64/-/aix-ppc64-0.25.4.tgz",
      "integrity": "sha512-1VCICWypeQKhVbE9oW/sJaAmjLxhVqacdkvPLEjwlttjfwENRSClS8EjBz0KzRyFSCPDIkuXW34Je/vk7zdB7Q==",
      "cpu": [
        "ppc64"
      ],
      "dev": true,
      "license": "MIT",
      "optional": true,
      "os": [
        "aix"
      ],
      "engines": {
        "node": ">=18"
      }
    },
    "node_modules/@esbuild/android-arm": {
      "version": "0.25.4",
      "resolved": "https://registry.npmjs.org/@esbuild/android-arm/-/android-arm-0.25.4.tgz",
      "integrity": "sha512-QNdQEps7DfFwE3hXiU4BZeOV68HHzYwGd0Nthhd3uCkkEKK7/R6MTgM0P7H7FAs5pU/DIWsviMmEGxEoxIZ+ZQ==",
      "cpu": [
        "arm"
      ],
      "dev": true,
      "license": "MIT",
      "optional": true,
      "os": [
        "android"
      ],
      "engines": {
        "node": ">=18"
      }
    },
    "node_modules/@esbuild/android-arm64": {
      "version": "0.25.4",
      "resolved": "https://registry.npmjs.org/@esbuild/android-arm64/-/android-arm64-0.25.4.tgz",
      "integrity": "sha512-bBy69pgfhMGtCnwpC/x5QhfxAz/cBgQ9enbtwjf6V9lnPI/hMyT9iWpR1arm0l3kttTr4L0KSLpKmLp/ilKS9A==",
      "cpu": [
        "arm64"
      ],
      "dev": true,
      "license": "MIT",
      "optional": true,
      "os": [
        "android"
      ],
      "engines": {
        "node": ">=18"
      }
    },
    "node_modules/@esbuild/android-x64": {
      "version": "0.25.4",
      "resolved": "https://registry.npmjs.org/@esbuild/android-x64/-/android-x64-0.25.4.tgz",
      "integrity": "sha512-TVhdVtQIFuVpIIR282btcGC2oGQoSfZfmBdTip2anCaVYcqWlZXGcdcKIUklfX2wj0JklNYgz39OBqh2cqXvcQ==",
      "cpu": [
        "x64"
      ],
      "dev": true,
      "license": "MIT",
      "optional": true,
      "os": [
        "android"
      ],
      "engines": {
        "node": ">=18"
      }
    },
    "node_modules/@esbuild/darwin-arm64": {
      "version": "0.25.4",
      "resolved": "https://registry.npmjs.org/@esbuild/darwin-arm64/-/darwin-arm64-0.25.4.tgz",
      "integrity": "sha512-Y1giCfM4nlHDWEfSckMzeWNdQS31BQGs9/rouw6Ub91tkK79aIMTH3q9xHvzH8d0wDru5Ci0kWB8b3up/nl16g==",
      "cpu": [
        "arm64"
      ],
      "dev": true,
      "license": "MIT",
      "optional": true,
      "os": [
        "darwin"
      ],
      "engines": {
        "node": ">=18"
      }
    },
    "node_modules/@esbuild/darwin-x64": {
      "version": "0.25.4",
      "resolved": "https://registry.npmjs.org/@esbuild/darwin-x64/-/darwin-x64-0.25.4.tgz",
      "integrity": "sha512-CJsry8ZGM5VFVeyUYB3cdKpd/H69PYez4eJh1W/t38vzutdjEjtP7hB6eLKBoOdxcAlCtEYHzQ/PJ/oU9I4u0A==",
      "cpu": [
        "x64"
      ],
      "dev": true,
      "license": "MIT",
      "optional": true,
      "os": [
        "darwin"
      ],
      "engines": {
        "node": ">=18"
      }
    },
    "node_modules/@esbuild/freebsd-arm64": {
      "version": "0.25.4",
      "resolved": "https://registry.npmjs.org/@esbuild/freebsd-arm64/-/freebsd-arm64-0.25.4.tgz",
      "integrity": "sha512-yYq+39NlTRzU2XmoPW4l5Ifpl9fqSk0nAJYM/V/WUGPEFfek1epLHJIkTQM6bBs1swApjO5nWgvr843g6TjxuQ==",
      "cpu": [
        "arm64"
      ],
      "dev": true,
      "license": "MIT",
      "optional": true,
      "os": [
        "freebsd"
      ],
      "engines": {
        "node": ">=18"
      }
    },
    "node_modules/@esbuild/freebsd-x64": {
      "version": "0.25.4",
      "resolved": "https://registry.npmjs.org/@esbuild/freebsd-x64/-/freebsd-x64-0.25.4.tgz",
      "integrity": "sha512-0FgvOJ6UUMflsHSPLzdfDnnBBVoCDtBTVyn/MrWloUNvq/5SFmh13l3dvgRPkDihRxb77Y17MbqbCAa2strMQQ==",
      "cpu": [
        "x64"
      ],
      "dev": true,
      "license": "MIT",
      "optional": true,
      "os": [
        "freebsd"
      ],
      "engines": {
        "node": ">=18"
      }
    },
    "node_modules/@esbuild/linux-arm": {
      "version": "0.25.4",
      "resolved": "https://registry.npmjs.org/@esbuild/linux-arm/-/linux-arm-0.25.4.tgz",
      "integrity": "sha512-kro4c0P85GMfFYqW4TWOpvmF8rFShbWGnrLqlzp4X1TNWjRY3JMYUfDCtOxPKOIY8B0WC8HN51hGP4I4hz4AaQ==",
      "cpu": [
        "arm"
      ],
      "dev": true,
      "license": "MIT",
      "optional": true,
      "os": [
        "linux"
      ],
      "engines": {
        "node": ">=18"
      }
    },
    "node_modules/@esbuild/linux-arm64": {
      "version": "0.25.4",
      "resolved": "https://registry.npmjs.org/@esbuild/linux-arm64/-/linux-arm64-0.25.4.tgz",
      "integrity": "sha512-+89UsQTfXdmjIvZS6nUnOOLoXnkUTB9hR5QAeLrQdzOSWZvNSAXAtcRDHWtqAUtAmv7ZM1WPOOeSxDzzzMogiQ==",
      "cpu": [
        "arm64"
      ],
      "dev": true,
      "license": "MIT",
      "optional": true,
      "os": [
        "linux"
      ],
      "engines": {
        "node": ">=18"
      }
    },
    "node_modules/@esbuild/linux-ia32": {
      "version": "0.25.4",
      "resolved": "https://registry.npmjs.org/@esbuild/linux-ia32/-/linux-ia32-0.25.4.tgz",
      "integrity": "sha512-yTEjoapy8UP3rv8dB0ip3AfMpRbyhSN3+hY8mo/i4QXFeDxmiYbEKp3ZRjBKcOP862Ua4b1PDfwlvbuwY7hIGQ==",
      "cpu": [
        "ia32"
      ],
      "dev": true,
      "license": "MIT",
      "optional": true,
      "os": [
        "linux"
      ],
      "engines": {
        "node": ">=18"
      }
    },
    "node_modules/@esbuild/linux-loong64": {
      "version": "0.25.4",
      "resolved": "https://registry.npmjs.org/@esbuild/linux-loong64/-/linux-loong64-0.25.4.tgz",
      "integrity": "sha512-NeqqYkrcGzFwi6CGRGNMOjWGGSYOpqwCjS9fvaUlX5s3zwOtn1qwg1s2iE2svBe4Q/YOG1q6875lcAoQK/F4VA==",
      "cpu": [
        "loong64"
      ],
      "dev": true,
      "license": "MIT",
      "optional": true,
      "os": [
        "linux"
      ],
      "engines": {
        "node": ">=18"
      }
    },
    "node_modules/@esbuild/linux-mips64el": {
      "version": "0.25.4",
      "resolved": "https://registry.npmjs.org/@esbuild/linux-mips64el/-/linux-mips64el-0.25.4.tgz",
      "integrity": "sha512-IcvTlF9dtLrfL/M8WgNI/qJYBENP3ekgsHbYUIzEzq5XJzzVEV/fXY9WFPfEEXmu3ck2qJP8LG/p3Q8f7Zc2Xg==",
      "cpu": [
        "mips64el"
      ],
      "dev": true,
      "license": "MIT",
      "optional": true,
      "os": [
        "linux"
      ],
      "engines": {
        "node": ">=18"
      }
    },
    "node_modules/@esbuild/linux-ppc64": {
      "version": "0.25.4",
      "resolved": "https://registry.npmjs.org/@esbuild/linux-ppc64/-/linux-ppc64-0.25.4.tgz",
      "integrity": "sha512-HOy0aLTJTVtoTeGZh4HSXaO6M95qu4k5lJcH4gxv56iaycfz1S8GO/5Jh6X4Y1YiI0h7cRyLi+HixMR+88swag==",
      "cpu": [
        "ppc64"
      ],
      "dev": true,
      "license": "MIT",
      "optional": true,
      "os": [
        "linux"
      ],
      "engines": {
        "node": ">=18"
      }
    },
    "node_modules/@esbuild/linux-riscv64": {
      "version": "0.25.4",
      "resolved": "https://registry.npmjs.org/@esbuild/linux-riscv64/-/linux-riscv64-0.25.4.tgz",
      "integrity": "sha512-i8JUDAufpz9jOzo4yIShCTcXzS07vEgWzyX3NH2G7LEFVgrLEhjwL3ajFE4fZI3I4ZgiM7JH3GQ7ReObROvSUA==",
      "cpu": [
        "riscv64"
      ],
      "dev": true,
      "license": "MIT",
      "optional": true,
      "os": [
        "linux"
      ],
      "engines": {
        "node": ">=18"
      }
    },
    "node_modules/@esbuild/linux-s390x": {
      "version": "0.25.4",
      "resolved": "https://registry.npmjs.org/@esbuild/linux-s390x/-/linux-s390x-0.25.4.tgz",
      "integrity": "sha512-jFnu+6UbLlzIjPQpWCNh5QtrcNfMLjgIavnwPQAfoGx4q17ocOU9MsQ2QVvFxwQoWpZT8DvTLooTvmOQXkO51g==",
      "cpu": [
        "s390x"
      ],
      "dev": true,
      "license": "MIT",
      "optional": true,
      "os": [
        "linux"
      ],
      "engines": {
        "node": ">=18"
      }
    },
    "node_modules/@esbuild/linux-x64": {
      "version": "0.25.4",
      "resolved": "https://registry.npmjs.org/@esbuild/linux-x64/-/linux-x64-0.25.4.tgz",
      "integrity": "sha512-6e0cvXwzOnVWJHq+mskP8DNSrKBr1bULBvnFLpc1KY+d+irZSgZ02TGse5FsafKS5jg2e4pbvK6TPXaF/A6+CA==",
      "cpu": [
        "x64"
      ],
      "dev": true,
      "license": "MIT",
      "optional": true,
      "os": [
        "linux"
      ],
      "engines": {
        "node": ">=18"
      }
    },
    "node_modules/@esbuild/netbsd-arm64": {
      "version": "0.25.4",
      "resolved": "https://registry.npmjs.org/@esbuild/netbsd-arm64/-/netbsd-arm64-0.25.4.tgz",
      "integrity": "sha512-vUnkBYxZW4hL/ie91hSqaSNjulOnYXE1VSLusnvHg2u3jewJBz3YzB9+oCw8DABeVqZGg94t9tyZFoHma8gWZQ==",
      "cpu": [
        "arm64"
      ],
      "dev": true,
      "license": "MIT",
      "optional": true,
      "os": [
        "netbsd"
      ],
      "engines": {
        "node": ">=18"
      }
    },
    "node_modules/@esbuild/netbsd-x64": {
      "version": "0.25.4",
      "resolved": "https://registry.npmjs.org/@esbuild/netbsd-x64/-/netbsd-x64-0.25.4.tgz",
      "integrity": "sha512-XAg8pIQn5CzhOB8odIcAm42QsOfa98SBeKUdo4xa8OvX8LbMZqEtgeWE9P/Wxt7MlG2QqvjGths+nq48TrUiKw==",
      "cpu": [
        "x64"
      ],
      "dev": true,
      "license": "MIT",
      "optional": true,
      "os": [
        "netbsd"
      ],
      "engines": {
        "node": ">=18"
      }
    },
    "node_modules/@esbuild/openbsd-arm64": {
      "version": "0.25.4",
      "resolved": "https://registry.npmjs.org/@esbuild/openbsd-arm64/-/openbsd-arm64-0.25.4.tgz",
      "integrity": "sha512-Ct2WcFEANlFDtp1nVAXSNBPDxyU+j7+tId//iHXU2f/lN5AmO4zLyhDcpR5Cz1r08mVxzt3Jpyt4PmXQ1O6+7A==",
      "cpu": [
        "arm64"
      ],
      "dev": true,
      "license": "MIT",
      "optional": true,
      "os": [
        "openbsd"
      ],
      "engines": {
        "node": ">=18"
      }
    },
    "node_modules/@esbuild/openbsd-x64": {
      "version": "0.25.4",
      "resolved": "https://registry.npmjs.org/@esbuild/openbsd-x64/-/openbsd-x64-0.25.4.tgz",
      "integrity": "sha512-xAGGhyOQ9Otm1Xu8NT1ifGLnA6M3sJxZ6ixylb+vIUVzvvd6GOALpwQrYrtlPouMqd/vSbgehz6HaVk4+7Afhw==",
      "cpu": [
        "x64"
      ],
      "dev": true,
      "license": "MIT",
      "optional": true,
      "os": [
        "openbsd"
      ],
      "engines": {
        "node": ">=18"
      }
    },
    "node_modules/@esbuild/sunos-x64": {
      "version": "0.25.4",
      "resolved": "https://registry.npmjs.org/@esbuild/sunos-x64/-/sunos-x64-0.25.4.tgz",
      "integrity": "sha512-Mw+tzy4pp6wZEK0+Lwr76pWLjrtjmJyUB23tHKqEDP74R3q95luY/bXqXZeYl4NYlvwOqoRKlInQialgCKy67Q==",
      "cpu": [
        "x64"
      ],
      "dev": true,
      "license": "MIT",
      "optional": true,
      "os": [
        "sunos"
      ],
      "engines": {
        "node": ">=18"
      }
    },
    "node_modules/@esbuild/win32-arm64": {
      "version": "0.25.4",
      "resolved": "https://registry.npmjs.org/@esbuild/win32-arm64/-/win32-arm64-0.25.4.tgz",
      "integrity": "sha512-AVUP428VQTSddguz9dO9ngb+E5aScyg7nOeJDrF1HPYu555gmza3bDGMPhmVXL8svDSoqPCsCPjb265yG/kLKQ==",
      "cpu": [
        "arm64"
      ],
      "dev": true,
      "license": "MIT",
      "optional": true,
      "os": [
        "win32"
      ],
      "engines": {
        "node": ">=18"
      }
    },
    "node_modules/@esbuild/win32-ia32": {
      "version": "0.25.4",
      "resolved": "https://registry.npmjs.org/@esbuild/win32-ia32/-/win32-ia32-0.25.4.tgz",
      "integrity": "sha512-i1sW+1i+oWvQzSgfRcxxG2k4I9n3O9NRqy8U+uugaT2Dy7kLO9Y7wI72haOahxceMX8hZAzgGou1FhndRldxRg==",
      "cpu": [
        "ia32"
      ],
      "dev": true,
      "license": "MIT",
      "optional": true,
      "os": [
        "win32"
      ],
      "engines": {
        "node": ">=18"
      }
    },
    "node_modules/@esbuild/win32-x64": {
      "version": "0.25.4",
      "resolved": "https://registry.npmjs.org/@esbuild/win32-x64/-/win32-x64-0.25.4.tgz",
      "integrity": "sha512-nOT2vZNw6hJ+z43oP1SPea/G/6AbN6X+bGNhNuq8NtRHy4wsMhw765IKLNmnjek7GvjWBYQ8Q5VBoYTFg9y1UQ==",
      "cpu": [
        "x64"
      ],
      "dev": true,
      "license": "MIT",
      "optional": true,
      "os": [
        "win32"
      ],
      "engines": {
        "node": ">=18"
      }
    },
    "node_modules/@eth-optimism/viem": {
      "version": "0.4.8",
      "resolved": "https://registry.npmjs.org/@eth-optimism/viem/-/viem-0.4.8.tgz",
      "integrity": "sha512-IZDe8WzDe69g8f1oHDGddXra080OjRohR1xxlryHlRyLumZvt9ulkQ7Nh6TtVk6k6s0+OILBVFawCIGr+XVfjQ==",
      "peerDependencies": {
        "viem": "^2.17.9"
      }
    },
    "node_modules/@ethereumjs/rlp": {
      "version": "4.0.1",
      "resolved": "https://registry.npmjs.org/@ethereumjs/rlp/-/rlp-4.0.1.tgz",
      "integrity": "sha512-tqsQiBQDQdmPWE1xkkBq4rlSW5QZpLOUJ5RJh2/9fug+q9tnUhuZoVLk7s0scUIKTOzEtR72DFBXI4WiZcMpvw==",
      "license": "MPL-2.0",
      "bin": {
        "rlp": "bin/rlp"
      },
      "engines": {
        "node": ">=14"
      }
    },
    "node_modules/@ethereumjs/util": {
      "version": "8.1.0",
      "resolved": "https://registry.npmjs.org/@ethereumjs/util/-/util-8.1.0.tgz",
      "integrity": "sha512-zQ0IqbdX8FZ9aw11vP+dZkKDkS+kgIvQPHnSAXzP9pLu+Rfu3D3XEeLbicvoXJTYnhZiPmsZUxgdzXwNKxRPbA==",
      "license": "MPL-2.0",
      "dependencies": {
        "@ethereumjs/rlp": "^4.0.1",
        "ethereum-cryptography": "^2.0.0",
        "micro-ftch": "^0.3.1"
      },
      "engines": {
        "node": ">=14"
      }
    },
    "node_modules/@noble/curves": {
      "version": "1.9.1",
      "resolved": "https://registry.npmjs.org/@noble/curves/-/curves-1.9.1.tgz",
      "integrity": "sha512-k11yZxZg+t+gWvBbIswW0yoJlu8cHOC7dhunwOzoWH/mXGBiYyR4YY6hAEK/3EUs4UpB8la1RfdRpeGsFHkWsA==",
      "license": "MIT",
      "dependencies": {
        "@noble/hashes": "1.8.0"
      },
      "engines": {
        "node": "^14.21.3 || >=16"
      },
      "funding": {
        "url": "https://paulmillr.com/funding/"
      }
    },
    "node_modules/@noble/hashes": {
      "version": "1.8.0",
      "resolved": "https://registry.npmjs.org/@noble/hashes/-/hashes-1.8.0.tgz",
      "integrity": "sha512-jCs9ldd7NwzpgXDIf6P3+NrHh9/sD6CQdxHyjQI+h/6rDNo88ypBxxz45UDuZHz9r3tNz7N/VInSVoVdtXEI4A==",
      "license": "MIT",
      "engines": {
        "node": "^14.21.3 || >=16"
      },
      "funding": {
        "url": "https://paulmillr.com/funding/"
      }
    },
    "node_modules/@scure/base": {
      "version": "1.2.5",
      "resolved": "https://registry.npmjs.org/@scure/base/-/base-1.2.5.tgz",
      "integrity": "sha512-9rE6EOVeIQzt5TSu4v+K523F8u6DhBsoZWPGKlnCshhlDhy0kJzUX4V+tr2dWmzF1GdekvThABoEQBGBQI7xZw==",
      "license": "MIT",
      "funding": {
        "url": "https://paulmillr.com/funding/"
      }
    },
    "node_modules/@scure/bip32": {
      "version": "1.6.2",
      "resolved": "https://registry.npmjs.org/@scure/bip32/-/bip32-1.6.2.tgz",
      "integrity": "sha512-t96EPDMbtGgtb7onKKqxRLfE5g05k7uHnHRM2xdE6BP/ZmxaLtPek4J4KfVn/90IQNrU1IOAqMgiDtUdtbe3nw==",
      "license": "MIT",
      "dependencies": {
        "@noble/curves": "~1.8.1",
        "@noble/hashes": "~1.7.1",
        "@scure/base": "~1.2.2"
      },
      "funding": {
        "url": "https://paulmillr.com/funding/"
      }
    },
    "node_modules/@scure/bip32/node_modules/@noble/curves": {
      "version": "1.8.2",
      "resolved": "https://registry.npmjs.org/@noble/curves/-/curves-1.8.2.tgz",
      "integrity": "sha512-vnI7V6lFNe0tLAuJMu+2sX+FcL14TaCWy1qiczg1VwRmPrpQCdq5ESXQMqUc2tluRNf6irBXrWbl1mGN8uaU/g==",
      "license": "MIT",
      "dependencies": {
        "@noble/hashes": "1.7.2"
      },
      "engines": {
        "node": "^14.21.3 || >=16"
      },
      "funding": {
        "url": "https://paulmillr.com/funding/"
      }
    },
    "node_modules/@scure/bip32/node_modules/@noble/hashes": {
      "version": "1.7.2",
      "resolved": "https://registry.npmjs.org/@noble/hashes/-/hashes-1.7.2.tgz",
      "integrity": "sha512-biZ0NUSxyjLLqo6KxEJ1b+C2NAx0wtDoFvCaXHGgUkeHzf3Xc1xKumFKREuT7f7DARNZ/slvYUwFG6B0f2b6hQ==",
      "license": "MIT",
      "engines": {
        "node": "^14.21.3 || >=16"
      },
      "funding": {
        "url": "https://paulmillr.com/funding/"
      }
    },
    "node_modules/@scure/bip39": {
      "version": "1.5.4",
      "resolved": "https://registry.npmjs.org/@scure/bip39/-/bip39-1.5.4.tgz",
      "integrity": "sha512-TFM4ni0vKvCfBpohoh+/lY05i9gRbSwXWngAsF4CABQxoaOHijxuaZ2R6cStDQ5CHtHO9aGJTr4ksVJASRRyMA==",
      "license": "MIT",
      "dependencies": {
        "@noble/hashes": "~1.7.1",
        "@scure/base": "~1.2.4"
      },
      "funding": {
        "url": "https://paulmillr.com/funding/"
      }
    },
    "node_modules/@scure/bip39/node_modules/@noble/hashes": {
      "version": "1.7.2",
      "resolved": "https://registry.npmjs.org/@noble/hashes/-/hashes-1.7.2.tgz",
      "integrity": "sha512-biZ0NUSxyjLLqo6KxEJ1b+C2NAx0wtDoFvCaXHGgUkeHzf3Xc1xKumFKREuT7f7DARNZ/slvYUwFG6B0f2b6hQ==",
      "license": "MIT",
      "engines": {
        "node": "^14.21.3 || >=16"
      },
      "funding": {
        "url": "https://paulmillr.com/funding/"
      }
    },
    "node_modules/@simplewebauthn/browser": {
      "version": "9.0.1",
      "resolved": "https://registry.npmjs.org/@simplewebauthn/browser/-/browser-9.0.1.tgz",
      "integrity": "sha512-wD2WpbkaEP4170s13/HUxPcAV5y4ZXaKo1TfNklS5zDefPinIgXOpgz1kpEvobAsaLPa2KeH7AKKX/od1mrBJw==",
      "license": "MIT",
      "dependencies": {
        "@simplewebauthn/types": "^9.0.1"
      }
    },
    "node_modules/@simplewebauthn/types": {
      "version": "9.0.1",
      "resolved": "https://registry.npmjs.org/@simplewebauthn/types/-/types-9.0.1.tgz",
      "integrity": "sha512-tGSRP1QvsAvsJmnOlRQyw/mvK9gnPtjEc5fg2+m8n+QUa+D7rvrKkOYyfpy42GTs90X3RDOnqJgfHt+qO67/+w==",
      "license": "MIT"
    },
    "node_modules/@simplewebauthn/typescript-types": {
      "version": "8.3.4",
      "resolved": "https://registry.npmjs.org/@simplewebauthn/typescript-types/-/typescript-types-8.3.4.tgz",
      "integrity": "sha512-38xtca0OqfRVNloKBrFB5LEM6PN5vzFbJG6rAutPVrtGHFYxPdiV3btYWq0eAZAZmP+dqFPYJxJWeJrGfmYHng==",
      "deprecated": "This package has been renamed to @simplewebauthn/types. Please install @simplewebauthn/types instead to ensure you receive future updates.",
      "license": "MIT"
    },
    "node_modules/@types/node": {
      "version": "22.15.21",
      "resolved": "https://registry.npmjs.org/@types/node/-/node-22.15.21.tgz",
      "integrity": "sha512-EV/37Td6c+MgKAbkcLG6vqZ2zEYHD7bvSrzqqs2RIhbA6w3x+Dqz8MZM3sP6kGTeLrdoOgKZe+Xja7tUB2DNkQ==",
      "dev": true,
      "license": "MIT",
      "dependencies": {
        "undici-types": "~6.21.0"
      }
    },
    "node_modules/@zerodev/multi-chain-ecdsa-validator": {
      "version": "5.4.5",
      "resolved": "https://registry.npmjs.org/@zerodev/multi-chain-ecdsa-validator/-/multi-chain-ecdsa-validator-5.4.5.tgz",
      "integrity": "sha512-cmQcsl5WbjnyQuhAS76BUqsHGtUOfWqdkMlm60s75kmRKzF5PiKzRpWIZyeISVmJV0F4P5u1keo1xYONEFiw1w==",
      "license": "MIT",
      "dependencies": {
        "@simplewebauthn/browser": "^9.0.1",
        "@simplewebauthn/typescript-types": "^8.3.4",
        "merkletreejs": "^0.3.11"
      },
      "peerDependencies": {
        "@zerodev/sdk": "^5.4.0",
        "@zerodev/webauthn-key": "^5.4.0",
        "viem": "^2.28.0"
      }
    },
    "node_modules/@zerodev/sdk": {
      "version": "5.4.35",
      "resolved": "https://registry.npmjs.org/@zerodev/sdk/-/sdk-5.4.35.tgz",
      "integrity": "sha512-jisV7PimyOqFYbuuun+6j9vGXUvPUGmJqtXoBnTEDRpzf4eGFpK3cKYVk2qxYS/GJnVACpvIv/FeEQrHcPC4lQ==",
      "license": "MIT",
      "dependencies": {
        "semver": "^7.6.0"
      },
      "peerDependencies": {
        "viem": "^2.28.0"
      }
    },
    "node_modules/@zerodev/webauthn-key": {
      "version": "5.4.4",
      "resolved": "https://registry.npmjs.org/@zerodev/webauthn-key/-/webauthn-key-5.4.4.tgz",
      "integrity": "sha512-LgBwViiGdOD5K6mP+ko/mPD82Be3yQBb+fSQwsz6YB7cwbcRXmYPWgL2ozvhHmEuR+fkpHscazPDGoCm1pii4Q==",
      "license": "MIT",
      "peer": true,
      "dependencies": {
        "@noble/curves": "^1.3.0",
        "@simplewebauthn/browser": "^8.3.4",
        "@simplewebauthn/types": "^12.0.0"
      },
      "peerDependencies": {
        "viem": "^2.28.0"
      }
    },
    "node_modules/@zerodev/webauthn-key/node_modules/@simplewebauthn/browser": {
      "version": "8.3.7",
      "resolved": "https://registry.npmjs.org/@simplewebauthn/browser/-/browser-8.3.7.tgz",
      "integrity": "sha512-ZtRf+pUEgOCvjrYsbMsJfiHOdKcrSZt2zrAnIIpfmA06r0FxBovFYq0rJ171soZbe13KmWzAoLKjSxVW7KxCdQ==",
      "license": "MIT",
      "peer": true,
      "dependencies": {
        "@simplewebauthn/typescript-types": "^8.3.4"
      }
    },
    "node_modules/@zerodev/webauthn-key/node_modules/@simplewebauthn/types": {
      "version": "12.0.0",
      "resolved": "https://registry.npmjs.org/@simplewebauthn/types/-/types-12.0.0.tgz",
      "integrity": "sha512-q6y8MkoV8V8jB4zzp18Uyj2I7oFp2/ONL8c3j8uT06AOWu3cIChc1au71QYHrP2b+xDapkGTiv+9lX7xkTlAsA==",
      "license": "MIT",
      "peer": true
    },
    "node_modules/abitype": {
      "version": "1.0.8",
      "resolved": "https://registry.npmjs.org/abitype/-/abitype-1.0.8.tgz",
      "integrity": "sha512-ZeiI6h3GnW06uYDLx0etQtX/p8E24UaHHBj57RSjK7YBFe7iuVn07EDpOeP451D06sF27VOz9JJPlIKJmXgkEg==",
      "license": "MIT",
      "funding": {
        "url": "https://github.com/sponsors/wevm"
      },
      "peerDependencies": {
        "typescript": ">=5.0.4",
        "zod": "^3 >=3.22.0"
      },
      "peerDependenciesMeta": {
        "typescript": {
          "optional": true
        },
        "zod": {
          "optional": true
        }
      }
    },
    "node_modules/aes-js": {
      "version": "4.0.0-beta.5",
      "resolved": "https://registry.npmjs.org/aes-js/-/aes-js-4.0.0-beta.5.tgz",
      "integrity": "sha512-G965FqalsNyrPqgEGON7nIx1e/OVENSgiEIzyC63haUMuvNnwIgIjMs52hlTCKhkBny7A2ORNlfY9Zu+jmGk1Q==",
      "license": "MIT"
    },
    "node_modules/bignumber.js": {
      "version": "9.3.0",
      "resolved": "https://registry.npmjs.org/bignumber.js/-/bignumber.js-9.3.0.tgz",
      "integrity": "sha512-EM7aMFTXbptt/wZdMlBv2t8IViwQL+h6SLHosp8Yf0dqJMTnY6iL32opnAB6kAdL0SZPuvcAzFr31o0c/R3/RA==",
      "license": "MIT",
      "engines": {
        "node": "*"
      }
    },
    "node_modules/bn.js": {
      "version": "5.2.2",
      "resolved": "https://registry.npmjs.org/bn.js/-/bn.js-5.2.2.tgz",
      "integrity": "sha512-v2YAxEmKaBLahNwE1mjp4WON6huMNeuDvagFZW+ASCuA/ku0bXR9hSMw0XpiqMoA3+rmnyck/tPRSFQkoC9Cuw==",
      "license": "MIT"
    },
    "node_modules/buffer-reverse": {
      "version": "1.0.1",
      "resolved": "https://registry.npmjs.org/buffer-reverse/-/buffer-reverse-1.0.1.tgz",
      "integrity": "sha512-M87YIUBsZ6N924W57vDwT/aOu8hw7ZgdByz6ijksLjmHJELBASmYTTlNHRgjE+pTsT9oJXGaDSgqqwfdHotDUg==",
      "license": "MIT"
    },
    "node_modules/crypto-js": {
      "version": "4.2.0",
      "resolved": "https://registry.npmjs.org/crypto-js/-/crypto-js-4.2.0.tgz",
      "integrity": "sha512-KALDyEYgpY+Rlob/iriUtjV6d5Eq+Y191A5g4UqLAi8CyGP9N1+FdVbkc1SxKc2r4YAYqG8JzO2KGL+AizD70Q==",
      "license": "MIT"
    },
    "node_modules/dotenv": {
      "version": "16.5.0",
      "resolved": "https://registry.npmjs.org/dotenv/-/dotenv-16.5.0.tgz",
      "integrity": "sha512-m/C+AwOAr9/W1UOIZUo232ejMNnJAJtYQjUbHoNTBNTJSvqzzDh7vnrei3o3r3m9blf6ZoDkvcw0VmozNRFJxg==",
      "license": "BSD-2-Clause",
      "engines": {
        "node": ">=12"
      },
      "funding": {
        "url": "https://dotenvx.com"
      }
    },
    "node_modules/esbuild": {
      "version": "0.25.4",
      "resolved": "https://registry.npmjs.org/esbuild/-/esbuild-0.25.4.tgz",
      "integrity": "sha512-8pgjLUcUjcgDg+2Q4NYXnPbo/vncAY4UmyaCm0jZevERqCHZIaWwdJHkf8XQtu4AxSKCdvrUbT0XUr1IdZzI8Q==",
      "dev": true,
      "hasInstallScript": true,
      "license": "MIT",
      "bin": {
        "esbuild": "bin/esbuild"
      },
      "engines": {
        "node": ">=18"
      },
      "optionalDependencies": {
        "@esbuild/aix-ppc64": "0.25.4",
        "@esbuild/android-arm": "0.25.4",
        "@esbuild/android-arm64": "0.25.4",
        "@esbuild/android-x64": "0.25.4",
        "@esbuild/darwin-arm64": "0.25.4",
        "@esbuild/darwin-x64": "0.25.4",
        "@esbuild/freebsd-arm64": "0.25.4",
        "@esbuild/freebsd-x64": "0.25.4",
        "@esbuild/linux-arm": "0.25.4",
        "@esbuild/linux-arm64": "0.25.4",
        "@esbuild/linux-ia32": "0.25.4",
        "@esbuild/linux-loong64": "0.25.4",
        "@esbuild/linux-mips64el": "0.25.4",
        "@esbuild/linux-ppc64": "0.25.4",
        "@esbuild/linux-riscv64": "0.25.4",
        "@esbuild/linux-s390x": "0.25.4",
        "@esbuild/linux-x64": "0.25.4",
        "@esbuild/netbsd-arm64": "0.25.4",
        "@esbuild/netbsd-x64": "0.25.4",
        "@esbuild/openbsd-arm64": "0.25.4",
        "@esbuild/openbsd-x64": "0.25.4",
        "@esbuild/sunos-x64": "0.25.4",
        "@esbuild/win32-arm64": "0.25.4",
        "@esbuild/win32-ia32": "0.25.4",
        "@esbuild/win32-x64": "0.25.4"
      }
    },
    "node_modules/ethereum-bloom-filters": {
      "version": "1.2.0",
      "resolved": "https://registry.npmjs.org/ethereum-bloom-filters/-/ethereum-bloom-filters-1.2.0.tgz",
      "integrity": "sha512-28hyiE7HVsWubqhpVLVmZXFd4ITeHi+BUu05o9isf0GUpMtzBUi+8/gFrGaGYzvGAJQmJ3JKj77Mk9G98T84rA==",
      "license": "MIT",
      "dependencies": {
        "@noble/hashes": "^1.4.0"
      }
    },
    "node_modules/ethereum-cryptography": {
      "version": "2.2.1",
      "resolved": "https://registry.npmjs.org/ethereum-cryptography/-/ethereum-cryptography-2.2.1.tgz",
      "integrity": "sha512-r/W8lkHSiTLxUxW8Rf3u4HGB0xQweG2RyETjywylKZSzLWoWAijRz8WCuOtJ6wah+avllXBqZuk29HCCvhEIRg==",
      "license": "MIT",
      "dependencies": {
        "@noble/curves": "1.4.2",
        "@noble/hashes": "1.4.0",
        "@scure/bip32": "1.4.0",
        "@scure/bip39": "1.3.0"
      }
    },
    "node_modules/ethereum-cryptography/node_modules/@noble/curves": {
      "version": "1.4.2",
      "resolved": "https://registry.npmjs.org/@noble/curves/-/curves-1.4.2.tgz",
      "integrity": "sha512-TavHr8qycMChk8UwMld0ZDRvatedkzWfH8IiaeGCfymOP5i0hSCozz9vHOL0nkwk7HRMlFnAiKpS2jrUmSybcw==",
      "license": "MIT",
      "dependencies": {
        "@noble/hashes": "1.4.0"
      },
      "funding": {
        "url": "https://paulmillr.com/funding/"
      }
    },
    "node_modules/ethereum-cryptography/node_modules/@noble/hashes": {
      "version": "1.4.0",
      "resolved": "https://registry.npmjs.org/@noble/hashes/-/hashes-1.4.0.tgz",
      "integrity": "sha512-V1JJ1WTRUqHHrOSh597hURcMqVKVGL/ea3kv0gSnEdsEZ0/+VyPghM1lMNGc00z7CIQorSvbKpuJkxvuHbvdbg==",
      "license": "MIT",
      "engines": {
        "node": ">= 16"
      },
      "funding": {
        "url": "https://paulmillr.com/funding/"
      }
    },
    "node_modules/ethereum-cryptography/node_modules/@scure/base": {
      "version": "1.1.9",
      "resolved": "https://registry.npmjs.org/@scure/base/-/base-1.1.9.tgz",
      "integrity": "sha512-8YKhl8GHiNI/pU2VMaofa2Tor7PJRAjwQLBBuilkJ9L5+13yVbC7JO/wS7piioAvPSwR3JKM1IJ/u4xQzbcXKg==",
      "license": "MIT",
      "funding": {
        "url": "https://paulmillr.com/funding/"
      }
    },
    "node_modules/ethereum-cryptography/node_modules/@scure/bip32": {
      "version": "1.4.0",
      "resolved": "https://registry.npmjs.org/@scure/bip32/-/bip32-1.4.0.tgz",
      "integrity": "sha512-sVUpc0Vq3tXCkDGYVWGIZTRfnvu8LoTDaev7vbwh0omSvVORONr960MQWdKqJDCReIEmTj3PAr73O3aoxz7OPg==",
      "license": "MIT",
      "dependencies": {
        "@noble/curves": "~1.4.0",
        "@noble/hashes": "~1.4.0",
        "@scure/base": "~1.1.6"
      },
      "funding": {
        "url": "https://paulmillr.com/funding/"
      }
    },
    "node_modules/ethereum-cryptography/node_modules/@scure/bip39": {
      "version": "1.3.0",
      "resolved": "https://registry.npmjs.org/@scure/bip39/-/bip39-1.3.0.tgz",
      "integrity": "sha512-disdg7gHuTDZtY+ZdkmLpPCk7fxZSu3gBiEGuoC1XYxv9cGx3Z6cpTggCgW6odSOOIXCiDjuGejW+aJKCY/pIQ==",
      "license": "MIT",
      "dependencies": {
        "@noble/hashes": "~1.4.0",
        "@scure/base": "~1.1.6"
      },
      "funding": {
        "url": "https://paulmillr.com/funding/"
      }
    },
    "node_modules/ethers": {
      "version": "6.14.1",
      "resolved": "https://registry.npmjs.org/ethers/-/ethers-6.14.1.tgz",
      "integrity": "sha512-JnFiPFi3sK2Z6y7jZ3qrafDMwiXmU+6cNZ0M+kPq+mTy9skqEzwqAdFW3nb/em2xjlIVXX6Lz8ID6i3LmS4+fQ==",
      "funding": [
        {
          "type": "individual",
          "url": "https://github.com/sponsors/ethers-io/"
        },
        {
          "type": "individual",
          "url": "https://www.buymeacoffee.com/ricmoo"
        }
      ],
      "license": "MIT",
      "dependencies": {
        "@adraffy/ens-normalize": "1.10.1",
        "@noble/curves": "1.2.0",
        "@noble/hashes": "1.3.2",
        "@types/node": "22.7.5",
        "aes-js": "4.0.0-beta.5",
        "tslib": "2.7.0",
        "ws": "8.17.1"
      },
      "engines": {
        "node": ">=14.0.0"
      }
    },
    "node_modules/ethers/node_modules/@noble/curves": {
      "version": "1.2.0",
      "resolved": "https://registry.npmjs.org/@noble/curves/-/curves-1.2.0.tgz",
      "integrity": "sha512-oYclrNgRaM9SsBUBVbb8M6DTV7ZHRTKugureoYEncY5c65HOmRzvSiTE3y5CYaPYJA/GVkrhXEoF0M3Ya9PMnw==",
      "license": "MIT",
      "dependencies": {
        "@noble/hashes": "1.3.2"
      },
      "funding": {
        "url": "https://paulmillr.com/funding/"
      }
    },
    "node_modules/ethers/node_modules/@noble/hashes": {
      "version": "1.3.2",
      "resolved": "https://registry.npmjs.org/@noble/hashes/-/hashes-1.3.2.tgz",
      "integrity": "sha512-MVC8EAQp7MvEcm30KWENFjgR+Mkmf+D189XJTkFIlwohU5hcBbn1ZkKq7KVTi2Hme3PMGF390DaL52beVrIihQ==",
      "license": "MIT",
      "engines": {
        "node": ">= 16"
      },
      "funding": {
        "url": "https://paulmillr.com/funding/"
      }
    },
    "node_modules/ethers/node_modules/@types/node": {
      "version": "22.7.5",
      "resolved": "https://registry.npmjs.org/@types/node/-/node-22.7.5.tgz",
      "integrity": "sha512-jML7s2NAzMWc//QSJ1a3prpk78cOPchGvXJsC3C6R6PSMoooztvRVQEz89gmBTBY1SPMaqo5teB4uNHPdetShQ==",
      "license": "MIT",
      "dependencies": {
        "undici-types": "~6.19.2"
      }
    },
    "node_modules/ethers/node_modules/undici-types": {
      "version": "6.19.8",
      "resolved": "https://registry.npmjs.org/undici-types/-/undici-types-6.19.8.tgz",
      "integrity": "sha512-ve2KP6f/JnbPBFyobGHuerC9g1FYGn/F8n1LWTwNxCEzd6IfqTwUQcNXgEtmmQ6DlRrC1hrSrBnCZPokRrDHjw==",
      "license": "MIT"
    },
    "node_modules/ethjs-unit": {
      "version": "0.1.6",
      "resolved": "https://registry.npmjs.org/ethjs-unit/-/ethjs-unit-0.1.6.tgz",
      "integrity": "sha512-/Sn9Y0oKl0uqQuvgFk/zQgR7aw1g36qX/jzSQ5lSwlO0GigPymk4eGQfeNTD03w1dPOqfz8V77Cy43jH56pagw==",
      "license": "MIT",
      "dependencies": {
        "bn.js": "4.11.6",
        "number-to-bn": "1.7.0"
      },
      "engines": {
        "node": ">=6.5.0",
        "npm": ">=3"
      }
    },
    "node_modules/ethjs-unit/node_modules/bn.js": {
      "version": "4.11.6",
      "resolved": "https://registry.npmjs.org/bn.js/-/bn.js-4.11.6.tgz",
      "integrity": "sha512-XWwnNNFCuuSQ0m3r3C4LE3EiORltHd9M05pq6FOlVeiophzRbMo50Sbz1ehl8K3Z+jw9+vmgnXefY1hz8X+2wA==",
      "license": "MIT"
    },
    "node_modules/eventemitter3": {
      "version": "5.0.1",
      "resolved": "https://registry.npmjs.org/eventemitter3/-/eventemitter3-5.0.1.tgz",
      "integrity": "sha512-GWkBvjiSZK87ELrYOSESUYeVIc9mvLLf/nXalMOS5dYrgZq9o5OVkbZAVM06CVxYsCwH9BDZFPlQTlPA1j4ahA==",
      "license": "MIT"
    },
    "node_modules/fsevents": {
      "version": "2.3.3",
      "resolved": "https://registry.npmjs.org/fsevents/-/fsevents-2.3.3.tgz",
      "integrity": "sha512-5xoDfX+fL7faATnagmWPpbFtwh/R77WmMMqqHGS65C3vvB0YHrgF+B1YmZ3441tMj5n63k0212XNoJwzlhffQw==",
      "dev": true,
      "hasInstallScript": true,
      "license": "MIT",
      "optional": true,
      "os": [
        "darwin"
      ],
      "engines": {
        "node": "^8.16.0 || ^10.6.0 || >=11.0.0"
      }
    },
    "node_modules/get-tsconfig": {
      "version": "4.10.1",
      "resolved": "https://registry.npmjs.org/get-tsconfig/-/get-tsconfig-4.10.1.tgz",
      "integrity": "sha512-auHyJ4AgMz7vgS8Hp3N6HXSmlMdUyhSUrfBF16w153rxtLIEOE+HGqaBppczZvnHLqQJfiHotCYpNhl0lUROFQ==",
      "dev": true,
      "license": "MIT",
      "dependencies": {
        "resolve-pkg-maps": "^1.0.0"
      },
      "funding": {
        "url": "https://github.com/privatenumber/get-tsconfig?sponsor=1"
      }
    },
    "node_modules/is-hex-prefixed": {
      "version": "1.0.0",
      "resolved": "https://registry.npmjs.org/is-hex-prefixed/-/is-hex-prefixed-1.0.0.tgz",
      "integrity": "sha512-WvtOiug1VFrE9v1Cydwm+FnXd3+w9GaeVUss5W4v/SLy3UW00vP+6iNF2SdnfiBoLy4bTqVdkftNGTUeOFVsbA==",
      "license": "MIT",
      "engines": {
        "node": ">=6.5.0",
        "npm": ">=3"
      }
    },
    "node_modules/isows": {
      "version": "1.0.7",
      "resolved": "https://registry.npmjs.org/isows/-/isows-1.0.7.tgz",
      "integrity": "sha512-I1fSfDCZL5P0v33sVqeTDSpcstAg/N+wF5HS033mogOVIp4B+oHC7oOCsA3axAbBSGTJ8QubbNmnIRN/h8U7hg==",
      "funding": [
        {
          "type": "github",
          "url": "https://github.com/sponsors/wevm"
        }
      ],
      "license": "MIT",
      "peerDependencies": {
        "ws": "*"
      }
    },
    "node_modules/merkletreejs": {
      "version": "0.3.11",
      "resolved": "https://registry.npmjs.org/merkletreejs/-/merkletreejs-0.3.11.tgz",
      "integrity": "sha512-LJKTl4iVNTndhL+3Uz/tfkjD0klIWsHlUzgtuNnNrsf7bAlXR30m+xYB7lHr5Z/l6e/yAIsr26Dabx6Buo4VGQ==",
      "license": "MIT",
      "dependencies": {
        "bignumber.js": "^9.0.1",
        "buffer-reverse": "^1.0.1",
        "crypto-js": "^4.2.0",
        "treeify": "^1.1.0",
        "web3-utils": "^1.3.4"
      },
      "engines": {
        "node": ">= 7.6.0"
      }
    },
    "node_modules/micro-ftch": {
      "version": "0.3.1",
      "resolved": "https://registry.npmjs.org/micro-ftch/-/micro-ftch-0.3.1.tgz",
      "integrity": "sha512-/0LLxhzP0tfiR5hcQebtudP56gUurs2CLkGarnCiB/OqEyUFQ6U3paQi/tgLv0hBJYt2rnr9MNpxz4fiiugstg==",
      "license": "MIT"
    },
    "node_modules/number-to-bn": {
      "version": "1.7.0",
      "resolved": "https://registry.npmjs.org/number-to-bn/-/number-to-bn-1.7.0.tgz",
      "integrity": "sha512-wsJ9gfSz1/s4ZsJN01lyonwuxA1tml6X1yBDnfpMglypcBRFZZkus26EdPSlqS5GJfYddVZa22p3VNb3z5m5Ig==",
      "license": "MIT",
      "dependencies": {
        "bn.js": "4.11.6",
        "strip-hex-prefix": "1.0.0"
      },
      "engines": {
        "node": ">=6.5.0",
        "npm": ">=3"
      }
    },
    "node_modules/number-to-bn/node_modules/bn.js": {
      "version": "4.11.6",
      "resolved": "https://registry.npmjs.org/bn.js/-/bn.js-4.11.6.tgz",
      "integrity": "sha512-XWwnNNFCuuSQ0m3r3C4LE3EiORltHd9M05pq6FOlVeiophzRbMo50Sbz1ehl8K3Z+jw9+vmgnXefY1hz8X+2wA==",
      "license": "MIT"
    },
    "node_modules/ox": {
      "version": "0.6.9",
      "resolved": "https://registry.npmjs.org/ox/-/ox-0.6.9.tgz",
      "integrity": "sha512-wi5ShvzE4eOcTwQVsIPdFr+8ycyX+5le/96iAJutaZAvCes1J0+RvpEPg5QDPDiaR0XQQAvZVl7AwqQcINuUug==",
      "funding": [
        {
          "type": "github",
          "url": "https://github.com/sponsors/wevm"
        }
      ],
      "license": "MIT",
      "dependencies": {
        "@adraffy/ens-normalize": "^1.10.1",
        "@noble/curves": "^1.6.0",
        "@noble/hashes": "^1.5.0",
        "@scure/bip32": "^1.5.0",
        "@scure/bip39": "^1.4.0",
        "abitype": "^1.0.6",
        "eventemitter3": "5.0.1"
      },
      "peerDependencies": {
        "typescript": ">=5.4.0"
      },
      "peerDependenciesMeta": {
        "typescript": {
          "optional": true
        }
      }
    },
    "node_modules/randombytes": {
      "version": "2.1.0",
      "resolved": "https://registry.npmjs.org/randombytes/-/randombytes-2.1.0.tgz",
      "integrity": "sha512-vYl3iOX+4CKUWuxGi9Ukhie6fsqXqS9FE2Zaic4tNFD2N2QQaXOMFbuKK4QmDHC0JO6B1Zp41J0LpT0oR68amQ==",
      "license": "MIT",
      "dependencies": {
        "safe-buffer": "^5.1.0"
      }
    },
    "node_modules/resolve-pkg-maps": {
      "version": "1.0.0",
      "resolved": "https://registry.npmjs.org/resolve-pkg-maps/-/resolve-pkg-maps-1.0.0.tgz",
      "integrity": "sha512-seS2Tj26TBVOC2NIc2rOe2y2ZO7efxITtLZcGSOnHHNOQ7CkiUBfw0Iw2ck6xkIhPwLhKNLS8BO+hEpngQlqzw==",
      "dev": true,
      "license": "MIT",
      "funding": {
        "url": "https://github.com/privatenumber/resolve-pkg-maps?sponsor=1"
      }
    },
    "node_modules/safe-buffer": {
      "version": "5.2.1",
      "resolved": "https://registry.npmjs.org/safe-buffer/-/safe-buffer-5.2.1.tgz",
      "integrity": "sha512-rp3So07KcdmmKbGvgaNxQSJr7bGVSVk5S9Eq1F+ppbRo70+YeaDxkw5Dd8NPN+GD6bjnYm2VuPuCXmpuYvmCXQ==",
      "funding": [
        {
          "type": "github",
          "url": "https://github.com/sponsors/feross"
        },
        {
          "type": "patreon",
          "url": "https://www.patreon.com/feross"
        },
        {
          "type": "consulting",
          "url": "https://feross.org/support"
        }
      ],
      "license": "MIT"
    },
    "node_modules/semver": {
      "version": "7.7.2",
      "resolved": "https://registry.npmjs.org/semver/-/semver-7.7.2.tgz",
      "integrity": "sha512-RF0Fw+rO5AMf9MAyaRXI4AV0Ulj5lMHqVxxdSgiVbixSCXoEmmX/jk0CuJw4+3SqroYO9VoUh+HcuJivvtJemA==",
      "license": "ISC",
      "bin": {
        "semver": "bin/semver.js"
      },
      "engines": {
        "node": ">=10"
      }
    },
    "node_modules/strip-hex-prefix": {
      "version": "1.0.0",
      "resolved": "https://registry.npmjs.org/strip-hex-prefix/-/strip-hex-prefix-1.0.0.tgz",
      "integrity": "sha512-q8d4ue7JGEiVcypji1bALTos+0pWtyGlivAWyPuTkHzuTCJqrK9sWxYQZUq6Nq3cuyv3bm734IhHvHtGGURU6A==",
      "license": "MIT",
      "dependencies": {
        "is-hex-prefixed": "1.0.0"
      },
      "engines": {
        "node": ">=6.5.0",
        "npm": ">=3"
      }
    },
    "node_modules/superbeam": {
      "version": "1.0.1",
      "resolved": "https://registry.npmjs.org/superbeam/-/superbeam-1.0.1.tgz",
      "integrity": "sha512-b41MyyP5R+zkBVBcyMS71EEoqxvx0D4Vs0yJcz9B2jKiaoBoc65sheo1OuNEGg1XNkCv+nGD1ondYgRmhYyPkg==",
      "license": "ISC",
      "dependencies": {
        "@eth-optimism/viem": "^0.4.8",
        "@zerodev/multi-chain-ecdsa-validator": "^5.4.5",
        "@zerodev/sdk": "^5.4.35",
        "dotenv": "^16.5.0",
        "ethers": "^6.13.7"
      }
    },
    "node_modules/treeify": {
      "version": "1.1.0",
      "resolved": "https://registry.npmjs.org/treeify/-/treeify-1.1.0.tgz",
      "integrity": "sha512-1m4RA7xVAJrSGrrXGs0L3YTwyvBs2S8PbRHaLZAkFw7JR8oIFwYtysxlBZhYIa7xSyiYJKZ3iGrrk55cGA3i9A==",
      "license": "MIT",
      "engines": {
        "node": ">=0.6"
      }
    },
    "node_modules/tslib": {
      "version": "2.7.0",
      "resolved": "https://registry.npmjs.org/tslib/-/tslib-2.7.0.tgz",
      "integrity": "sha512-gLXCKdN1/j47AiHiOkJN69hJmcbGTHI0ImLmbYLHykhgeN0jVGola9yVjFgzCUklsZQMW55o+dW7IXv3RCXDzA==",
      "license": "0BSD"
    },
    "node_modules/tsx": {
      "version": "4.19.4",
      "resolved": "https://registry.npmjs.org/tsx/-/tsx-4.19.4.tgz",
      "integrity": "sha512-gK5GVzDkJK1SI1zwHf32Mqxf2tSJkNx+eYcNly5+nHvWqXUJYUkWBQtKauoESz3ymezAI++ZwT855x5p5eop+Q==",
      "dev": true,
      "license": "MIT",
      "dependencies": {
        "esbuild": "~0.25.0",
        "get-tsconfig": "^4.7.5"
      },
      "bin": {
        "tsx": "dist/cli.mjs"
      },
      "engines": {
        "node": ">=18.0.0"
      },
      "optionalDependencies": {
        "fsevents": "~2.3.3"
      }
    },
    "node_modules/typescript": {
      "version": "5.8.3",
      "resolved": "https://registry.npmjs.org/typescript/-/typescript-5.8.3.tgz",
      "integrity": "sha512-p1diW6TqL9L07nNxvRMM7hMMw4c5XOo/1ibL4aAIGmSAt9slTE1Xgw5KWuof2uTOvCg9BY7ZRi+GaF+7sfgPeQ==",
      "devOptional": true,
      "license": "Apache-2.0",
      "bin": {
        "tsc": "bin/tsc",
        "tsserver": "bin/tsserver"
      },
      "engines": {
        "node": ">=14.17"
      }
    },
    "node_modules/undici-types": {
      "version": "6.21.0",
      "resolved": "https://registry.npmjs.org/undici-types/-/undici-types-6.21.0.tgz",
      "integrity": "sha512-iwDZqg0QAGrg9Rav5H4n0M64c3mkR59cJ6wQp+7C4nI0gsmExaedaYLNO44eT4AtBBwjbTiGPMlt2Md0T9H9JQ==",
      "dev": true,
      "license": "MIT"
    },
    "node_modules/utf8": {
      "version": "3.0.0",
      "resolved": "https://registry.npmjs.org/utf8/-/utf8-3.0.0.tgz",
      "integrity": "sha512-E8VjFIQ/TyQgp+TZfS6l8yp/xWppSAHzidGiRrqe4bK4XP9pTRyKFgGJpO3SN7zdX4DeomTrwaseCHovfpFcqQ==",
      "license": "MIT"
    },
    "node_modules/viem": {
      "version": "2.30.0",
      "resolved": "https://registry.npmjs.org/viem/-/viem-2.30.0.tgz",
      "integrity": "sha512-hvO4l5JIOnYPL8imULoFQiVTSkebIqzGHmIfsdMfIHpAgBaCx8rJJH9cXAxQeWCqsFuTmjEj1cX912N7HSCgpQ==",
      "funding": [
        {
          "type": "github",
          "url": "https://github.com/sponsors/wevm"
        }
      ],
      "license": "MIT",
      "dependencies": {
        "@noble/curves": "1.8.2",
        "@noble/hashes": "1.7.2",
        "@scure/bip32": "1.6.2",
        "@scure/bip39": "1.5.4",
        "abitype": "1.0.8",
        "isows": "1.0.7",
        "ox": "0.6.9",
        "ws": "8.18.1"
      },
      "peerDependencies": {
        "typescript": ">=5.0.4"
      },
      "peerDependenciesMeta": {
        "typescript": {
          "optional": true
        }
      }
    },
    "node_modules/viem/node_modules/@noble/curves": {
      "version": "1.8.2",
      "resolved": "https://registry.npmjs.org/@noble/curves/-/curves-1.8.2.tgz",
      "integrity": "sha512-vnI7V6lFNe0tLAuJMu+2sX+FcL14TaCWy1qiczg1VwRmPrpQCdq5ESXQMqUc2tluRNf6irBXrWbl1mGN8uaU/g==",
      "license": "MIT",
      "dependencies": {
        "@noble/hashes": "1.7.2"
      },
      "engines": {
        "node": "^14.21.3 || >=16"
      },
      "funding": {
        "url": "https://paulmillr.com/funding/"
      }
    },
    "node_modules/viem/node_modules/@noble/hashes": {
      "version": "1.7.2",
      "resolved": "https://registry.npmjs.org/@noble/hashes/-/hashes-1.7.2.tgz",
      "integrity": "sha512-biZ0NUSxyjLLqo6KxEJ1b+C2NAx0wtDoFvCaXHGgUkeHzf3Xc1xKumFKREuT7f7DARNZ/slvYUwFG6B0f2b6hQ==",
      "license": "MIT",
      "engines": {
        "node": "^14.21.3 || >=16"
      },
      "funding": {
        "url": "https://paulmillr.com/funding/"
      }
    },
    "node_modules/viem/node_modules/ws": {
      "version": "8.18.1",
      "resolved": "https://registry.npmjs.org/ws/-/ws-8.18.1.tgz",
      "integrity": "sha512-RKW2aJZMXeMxVpnZ6bck+RswznaxmzdULiBr6KY7XkTnW8uvt0iT9H5DkHUChXrc+uurzwa0rVI16n/Xzjdz1w==",
      "license": "MIT",
      "engines": {
        "node": ">=10.0.0"
      },
      "peerDependencies": {
        "bufferutil": "^4.0.1",
        "utf-8-validate": ">=5.0.2"
      },
      "peerDependenciesMeta": {
        "bufferutil": {
          "optional": true
        },
        "utf-8-validate": {
          "optional": true
        }
      }
    },
    "node_modules/web3-utils": {
      "version": "1.10.4",
      "resolved": "https://registry.npmjs.org/web3-utils/-/web3-utils-1.10.4.tgz",
      "integrity": "sha512-tsu8FiKJLk2PzhDl9fXbGUWTkkVXYhtTA+SmEFkKft+9BgwLxfCRpU96sWv7ICC8zixBNd3JURVoiR3dUXgP8A==",
      "license": "LGPL-3.0",
      "dependencies": {
        "@ethereumjs/util": "^8.1.0",
        "bn.js": "^5.2.1",
        "ethereum-bloom-filters": "^1.0.6",
        "ethereum-cryptography": "^2.1.2",
        "ethjs-unit": "0.1.6",
        "number-to-bn": "1.7.0",
        "randombytes": "^2.1.0",
        "utf8": "3.0.0"
      },
      "engines": {
        "node": ">=8.0.0"
      }
    },
    "node_modules/ws": {
      "version": "8.17.1",
      "resolved": "https://registry.npmjs.org/ws/-/ws-8.17.1.tgz",
      "integrity": "sha512-6XQFvXTkbfUOZOKKILFG1PDK2NDQs4azKQl26T0YS5CxqWLgXajbPZ+h4gZekJyRqFU8pvnbAbbs/3TgRPy+GQ==",
      "license": "MIT",
      "engines": {
        "node": ">=10.0.0"
      },
      "peerDependencies": {
        "bufferutil": "^4.0.1",
        "utf-8-validate": ">=5.0.2"
      },
      "peerDependenciesMeta": {
        "bufferutil": {
          "optional": true
        },
        "utf-8-validate": {
          "optional": true
        }
      }
    }
  }
}
